# THIS IS AN AUTOGENERATED FILE. DO NOT EDIT THIS FILE DIRECTLY.
# yarn lockfile v1


greiner-hormann@^1.4.1:
  version "1.4.1"
  resolved "https://registry.yarnpkg.com/greiner-hormann/-/greiner-hormann-1.4.1.tgz#0c2e52e98657f6ee345072134fc4119be53bf491"
  integrity sha512-TN0p6knjYqaMs/llEjatU7ymo6olRztVFYFrqNx/3M3N0t+doUTaADKJFC/gKGwhtgKrrw8dP6c5ZXhw5k428g==

monotone-chain-convex-hull@^1.0.0:
  version "1.0.0"
  resolved "https://registry.yarnpkg.com/monotone-chain-convex-hull/-/monotone-chain-convex-hull-1.0.0.tgz#e5e3a39f305d6bc6fe71062fc7072bc56c3a55e0"
  integrity sha1-5eOjnzBda8b+cQYvxwcrxWw6VeA=

monotone-convex-hull-2d@^1.0.1:
  version "1.0.1"
  resolved "https://registry.yarnpkg.com/monotone-convex-hull-2d/-/monotone-convex-hull-2d-1.0.1.tgz#47f5daeadf3c4afd37764baa1aa8787a40eee08c"
  integrity sha1-R/Xa6t88Sv03dkuqGqh4ekDu4Iw=
  dependencies:
    robust-orientation "^1.1.3"

robust-orientation@^1.1.3:
  version "1.1.3"
  resolved "https://registry.yarnpkg.com/robust-orientation/-/robust-orientation-1.1.3.tgz#daff5b00d3be4e60722f0e9c0156ef967f1c2049"
  integrity sha1-2v9bANO+TmByLw6cAVbvln8cIEk=
  dependencies:
    robust-scale "^1.0.2"
    robust-subtract "^1.0.0"
    robust-sum "^1.0.0"
    two-product "^1.0.2"

robust-scale@^1.0.2:
  version "1.0.2"
  resolved "https://registry.yarnpkg.com/robust-scale/-/robust-scale-1.0.2.tgz#775132ed09542d028e58b2cc79c06290bcf78c32"
  integrity sha1-d1Ey7QlULQKOWLLMecBikLz3jDI=
  dependencies:
    two-product "^1.0.2"
    two-sum "^1.0.0"

robust-subtract@^1.0.0:
  version "1.0.0"
  resolved "https://registry.yarnpkg.com/robust-subtract/-/robust-subtract-1.0.0.tgz#e0b164e1ed8ba4e3a5dda45a12038348dbed3e9a"
  integrity sha1-4LFk4e2LpOOl3aRaEgODSNvtPpo=

robust-sum@^1.0.0:
  version "1.0.0"
  resolved "https://registry.yarnpkg.com/robust-sum/-/robust-sum-1.0.0.tgz#16646e525292b4d25d82757a286955e0bbfa53d9"
  integrity sha1-FmRuUlKStNJdgnV6KGlV4Lv6U9k=

stack-expression@^1.1.0:
  version "1.1.0"
  resolved "https://registry.yarnpkg.com/stack-expression/-/stack-expression-1.1.0.tgz#f2bb7b02aae9e891108a75dbdfb988416f660c02"
  integrity sha512-L089g5xZYJUZaZLmKErR8ROPzL5zBx1brSxdhdwKa7CzSsfmcBX9D2xIoqxirlj+G2IlNHsYq6SkGhsDmBXLpg==

two-product@^1.0.2:
  version "1.0.2"
  resolved "https://registry.yarnpkg.com/two-product/-/two-product-1.0.2.tgz#67d95d4b257a921e2cb4bd7af9511f9088522eaa"
  integrity sha1-Z9ldSyV6kh4stL16+VEfkIhSLqo=

two-sum@^1.0.0:
  version "1.0.0"
  resolved "https://registry.yarnpkg.com/two-sum/-/two-sum-1.0.0.tgz#31d3f32239e4f731eca9df9155e2b297f008ab64"
  integrity sha1-MdPzIjnk9zHsqd+RVeKyl/AIq2Q=
